// !$*UTF8*$!
{
	archiveVersion = 1;
	classes = {
	};
	objectVersion = 77;
	objects = {

/* Begin PBXContainerItemProxy section */
		3759F61F2D45AE8000E0CAC1 /* PBXContainerItemProxy */ = {
			isa = PBXContainerItemProxy;
			containerPortal = 3759F6062D45AE7E00E0CAC1 /* Project object */;
			proxyType = 1;
			remoteGlobalIDString = 3759F60D2D45AE7E00E0CAC1;
			remoteInfo = LoginPageDemo;
		};
		3759F6292D45AE8000E0CAC1 /* PBXContainerItemProxy */ = {
			isa = PBXContainerItemProxy;
			containerPortal = 3759F6062D45AE7E00E0CAC1 /* Project object */;
			proxyType = 1;
			remoteGlobalIDString = 3759F60D2D45AE7E00E0CAC1;
			remoteInfo = LoginPageDemo;
		};
/* End PBXContainerItemProxy section */

/* Begin PBXFileReference section */
		3759F60E2D45AE7E00E0CAC1 /* LoginPageDemo.app */ = {isa = PBXFileReference; explicitFileType = wrapper.application; includeInIndex = 0; path = LoginPageDemo.app; sourceTree = BUILT_PRODUCTS_DIR; };
		3759F61E2D45AE8000E0CAC1 /* LoginPageDemoTests.xctest */ = {isa = PBXFileReference; explicitFileType = wrapper.cfbundle; includeInIndex = 0; path = LoginPageDemoTests.xctest; sourceTree = BUILT_PRODUCTS_DIR; };
		3759F6282D45AE8000E0CAC1 /* LoginPageDemoUITests.xctest */ = {isa = PBXFileReference; explicitFileType = wrapper.cfbundle; includeInIndex = 0; path = LoginPageDemoUITests.xctest; sourceTree = BUILT_PRODUCTS_DIR; };
/* End PBXFileReference section */

/* Begin PBXFileSystemSynchronizedRootGroup section */
		3759F6102D45AE7E00E0CAC1 /* LoginPageDemo */ = {
			isa = PBXFileSystemSynchronizedRootGroup;
			path = LoginPageDemo;
			sourceTree = "<group>";
		};
		3759F6212D45AE8000E0CAC1 /* LoginPageDemoTests */ = {
			isa = PBXFileSystemSynchronizedRootGroup;
			path = LoginPageDemoTests;
			sourceTree = "<group>";
		};
		3759F62B2D45AE8000E0CAC1 /* LoginPageDemoUITests */ = {
			isa = PBXFileSystemSynchronizedRootGroup;
			path = LoginPageDemoUITests;
			sourceTree = "<group>";
		};
/* End PBXFileSystemSynchronizedRootGroup section */

/* Begin PBXFrameworksBuildPhase section */
		3759F60B2D45AE7E00E0CAC1 /* Frameworks */ = {
			isa = PBXFrameworksBuildPhase;
			buildActionMask = 2147483647;
			files = (
			);
			runOnlyForDeploymentPostprocessing = 0;
		};
		3759F61B2D45AE8000E0CAC1 /* Frameworks */ = {
			isa = PBXFrameworksBuildPhase;
			buildActionMask = 2147483647;
			files = (
			);
			runOnlyForDeploymentPostprocessing = 0;
		};
		3759F6252D45AE8000E0CAC1 /* Frameworks */ = {
			isa = PBXFrameworksBuildPhase;
			buildActionMask = 2147483647;
			files = (
			);
			runOnlyForDeploymentPostprocessing = 0;
		};
/* End PBXFrameworksBuildPhase section */

/* Begin PBXGroup section */
		3759F6052D45AE7E00E0CAC1 = {
			isa = PBXGroup;
			children = (
				3759F6102D45AE7E00E0CAC1 /* LoginPageDemo */,
				3759F6212D45AE8000E0CAC1 /* LoginPageDemoTests */,
				3759F62B2D45AE8000E0CAC1 /* LoginPageDemoUITests */,
				3759F60F2D45AE7E00E0CAC1 /* Products */,
			);
			sourceTree = "<group>";
		};
		3759F60F2D45AE7E00E0CAC1 /* Products */ = {
			isa = PBXGroup;
			children = (
				3759F60E2D45AE7E00E0CAC1 /* LoginPageDemo.app */,
				3759F61E2D45AE8000E0CAC1 /* LoginPageDemoTests.xctest */,
				3759F6282D45AE8000E0CAC1 /* LoginPageDemoUITests.xctest */,
			);
			name = Products;
			sourceTree = "<group>";
		};
/* End PBXGroup section */

/* Begin PBXNativeTarget section */
		3759F60D2D45AE7E00E0CAC1 /* LoginPageDemo */ = {
			isa = PBXNativeTarget;
			buildConfigurationList = 3759F6322D45AE8000E0CAC1 /* Build configuration list for PBXNativeTarget "LoginPageDemo" */;
			buildPhases = (
				3759F60A2D45AE7E00E0CAC1 /* Sources */,
				3759F60B2D45AE7E00E0CAC1 /* Frameworks */,
				3759F60C2D45AE7E00E0CAC1 /* Resources */,
			);
			buildRules = (
			);
			dependencies = (
			);
			fileSystemSynchronizedGroups = (
				3759F6102D45AE7E00E0CAC1 /* LoginPageDemo */,
			);
			name = LoginPageDemo;
			packageProductDependencies = (
			);
			productName = LoginPageDemo;
			productReference = 3759F60E2D45AE7E00E0CAC1 /* LoginPageDemo.app */;
			productType = "com.apple.product-type.application";
		};
		3759F61D2D45AE8000E0CAC1 /* LoginPageDemoTests */ = {
			isa = PBXNativeTarget;
			buildConfigurationList = 3759F6352D45AE8000E0CAC1 /* Build configuration list for PBXNativeTarget "LoginPageDemoTests" */;
			buildPhases = (
				3759F61A2D45AE8000E0CAC1 /* Sources */,
				3759F61B2D45AE8000E0CAC1 /* Frameworks */,
				3759F61C2D45AE8000E0CAC1 /* Resources */,
			);
			buildRules = (
			);
			dependencies = (
				3759F6202D45AE8000E0CAC1 /* PBXTargetDependency */,
			);
			fileSystemSynchronizedGroups = (
				3759F6212D45AE8000E0CAC1 /* LoginPageDemoTests */,
			);
			name = LoginPageDemoTests;
			packageProductDependencies = (
			);
			productName = LoginPageDemoTests;
			productReference = 3759F61E2D45AE8000E0CAC1 /* LoginPageDemoTests.xctest */;
			productType = "com.apple.product-type.bundle.unit-test";
		};
		3759F6272D45AE8000E0CAC1 /* LoginPageDemoUITests */ = {
			isa = PBXNativeTarget;
			buildConfigurationList = 3759F6382D45AE8000E0CAC1 /* Build configuration list for PBXNativeTarget "LoginPageDemoUITests" */;
			buildPhases = (
				3759F6242D45AE8000E0CAC1 /* Sources */,
				3759F6252D45AE8000E0CAC1 /* Frameworks */,
				3759F6262D45AE8000E0CAC1 /* Resources */,
			);
			buildRules = (
			);
			dependencies = (
				3759F62A2D45AE8000E0CAC1 /* PBXTargetDependency */,
			);
			fileSystemSynchronizedGroups = (
				3759F62B2D45AE8000E0CAC1 /* LoginPageDemoUITests */,
			);
			name = LoginPageDemoUITests;
			packageProductDependencies = (
			);
			productName = LoginPageDemoUITests;
			productReference = 3759F6282D45AE8000E0CAC1 /* LoginPageDemoUITests.xctest */;
			productType = "com.apple.product-type.bundle.ui-testing";
		};
/* End PBXNativeTarget section */

/* Begin PBXProject section */
		3759F6062D45AE7E00E0CAC1 /* Project object */ = {
			isa = PBXProject;
			attributes = {
				BuildIndependentTargetsInParallel = 1;
				LastSwiftUpdateCheck = 1620;
				LastUpgradeCheck = 1620;
				TargetAttributes = {
					3759F60D2D45AE7E00E0CAC1 = {
						CreatedOnToolsVersion = 16.2;
					};
					3759F61D2D45AE8000E0CAC1 = {
						CreatedOnToolsVersion = 16.2;
						TestTargetID = 3759F60D2D45AE7E00E0CAC1;
					};
					3759F6272D45AE8000E0CAC1 = {
						CreatedOnToolsVersion = 16.2;
						TestTargetID = 3759F60D2D45AE7E00E0CAC1;
					};
				};
			};
			buildConfigurationList = 3759F6092D45AE7E00E0CAC1 /* Build configuration list for PBXProject "LoginPageDemo" */;
			developmentRegion = en;
			hasScannedForEncodings = 0;
			knownRegions = (
				en,
				Base,
			);
			mainGroup = 3759F6052D45AE7E00E0CAC1;
			minimizedProjectReferenceProxies = 1;
			preferredProjectObjectVersion = 77;
			productRefGroup = 3759F60F2D45AE7E00E0CAC1 /* Products */;
			projectDirPath = "";
			projectRoot = "";
			targets = (
				3759F60D2D45AE7E00E0CAC1 /* LoginPageDemo */,
				3759F61D2D45AE8000E0CAC1 /* LoginPageDemoTests */,
				3759F6272D45AE8000E0CAC1 /* LoginPageDemoUITests */,
			);
		};
/* End PBXProject section */

/* Begin PBXResourcesBuildPhase section */
		3759F60C2D45AE7E00E0CAC1 /* Resources */ = {
			isa = PBXResourcesBuildPhase;
			buildActionMask = 2147483647;
			files = (
			);
			runOnlyForDeploymentPostprocessing = 0;
		};
		3759F61C2D45AE8000E0CAC1 /* Resources */ = {
			isa = PBXResourcesBuildPhase;
			buildActionMask = 2147483647;
			files = (
			);
			runOnlyForDeploymentPostprocessing = 0;
		};
		3759F6262D45AE8000E0CAC1 /* Resources */ = {
			isa = PBXResourcesBuildPhase;
			buildActionMask = 2147483647;
			files = (
			);
			runOnlyForDeploymentPostprocessing = 0;
		};
/* End PBXResourcesBuildPhase section */

/* Begin PBXSourcesBuildPhase section */
		3759F60A2D45AE7E00E0CAC1 /* Sources */ = {
			isa = PBXSourcesBuildPhase;
			buildActionMask = 2147483647;
			files = (
			);
			runOnlyForDeploymentPostprocessing = 0;
		};
		3759F61A2D45AE8000E0CAC1 /* Sources */ = {
			isa = PBXSourcesBuildPhase;
			buildActionMask = 2147483647;
			files = (
			);
			runOnlyForDeploymentPostprocessing = 0;
		};
		3759F6242D45AE8000E0CAC1 /* Sources */ = {
			isa = PBXSourcesBuildPhase;
			buildActionMask = 2147483647;
			files = (
			);
			runOnlyForDeploymentPostprocessing = 0;
		};
/* End PBXSourcesBuildPhase section */

/* Begin PBXTargetDependency section */
		3759F6202D45AE8000E0CAC1 /* PBXTargetDependency */ = {
			isa = PBXTargetDependency;
			target = 3759F60D2D45AE7E00E0CAC1 /* LoginPageDemo */;
			targetProxy = 3759F61F2D45AE8000E0CAC1 /* PBXContainerItemProxy */;
		};
		3759F62A2D45AE8000E0CAC1 /* PBXTargetDependency */ = {
			isa = PBXTargetDependency;
			target = 3759F60D2D45AE7E00E0CAC1 /* LoginPageDemo */;
			targetProxy = 3759F6292D45AE8000E0CAC1 /* PBXContainerItemProxy */;
		};
/* End PBXTargetDependency section */

/* Begin XCBuildConfiguration section */
		3759F6302D45AE8000E0CAC1 /* Debug */ = {
			isa = XCBuildConfiguration;
			buildSettings = {
				ALWAYS_SEARCH_USER_PATHS = NO;
				ASSETCATALOG_COMPILER_GENERATE_SWIFT_ASSET_SYMBOL_EXTENSIONS = YES;
				CLANG_ANALYZER_NONNULL = YES;
				CLANG_ANALYZER_NUMBER_OBJECT_CONVERSION = YES_AGGRESSIVE;
				CLANG_CXX_LANGUAGE_STANDARD = "gnu++20";
				CLANG_ENABLE_MODULES = YES;
				CLANG_ENABLE_OBJC_ARC = YES;
				CLANG_ENABLE_OBJC_WEAK = YES;
				CLANG_WARN_BLOCK_CAPTURE_AUTORELEASING = YES;
				CLANG_WARN_BOOL_CONVERSION = YES;
				CLANG_WARN_COMMA = YES;
				CLANG_WARN_CONSTANT_CONVERSION = YES;
				CLANG_WARN_DEPRECATED_OBJC_IMPLEMENTATIONS = YES;
				CLANG_WARN_DIRECT_OBJC_ISA_USAGE = YES_ERROR;
				CLANG_WARN_DOCUMENTATION_COMMENTS = YES;
				CLANG_WARN_EMPTY_BODY = YES;
				CLANG_WARN_ENUM_CONVERSION = YES;
				CLANG_WARN_INFINITE_RECURSION = YES;
				CLANG_WARN_INT_CONVERSION = YES;
				CLANG_WARN_NON_LITERAL_NULL_CONVERSION = YES;
				CLANG_WARN_OBJC_IMPLICIT_RETAIN_SELF = YES;
				CLANG_WARN_OBJC_LITERAL_CONVERSION = YES;
				CLANG_WARN_OBJC_ROOT_CLASS = YES_ERROR;
				CLANG_WARN_QUOTED_INCLUDE_IN_FRAMEWORK_HEADER = YES;
				CLANG_WARN_RANGE_LOOP_ANALYSIS = YES;
				CLANG_WARN_STRICT_PROTOTYPES = YES;
				CLANG_WARN_SUSPICIOUS_MOVE = YES;
				CLANG_WARN_UNGUARDED_AVAILABILITY = YES_AGGRESSIVE;
				CLANG_WARN_UNREACHABLE_CODE = YES;
				CLANG_WARN__DUPLICATE_METHOD_MATCH = YES;
				COPY_PHASE_STRIP = NO;
				DEBUG_INFORMATION_FORMAT = dwarf;
				ENABLE_STRICT_OBJC_MSGSEND = YES;
				ENABLE_TESTABILITY = YES;
				ENABLE_USER_SCRIPT_SANDBOXING = YES;
				GCC_C_LANGUAGE_STANDARD = gnu17;
				GCC_DYNAMIC_NO_PIC = NO;
				GCC_NO_COMMON_BLOCKS = YES;
				GCC_OPTIMIZATION_LEVEL = 0;
				GCC_PREPROCESSOR_DEFINITIONS = (
					"DEBUG=1",
					"$(inherited)",
				);
				GCC_WARN_64_TO_32_BIT_CONVERSION = YES;
				GCC_WARN_ABOUT_RETURN_TYPE = YES_ERROR;
				GCC_WARN_UNDECLARED_SELECTOR = YES;
				GCC_WARN_UNINITIALIZED_AUTOS = YES_AGGRESSIVE;
				GCC_WARN_UNUSED_FUNCTION = YES;
				GCC_WARN_UNUSED_VARIABLE = YES;
				IPHONEOS_DEPLOYMENT_TARGET = 18.2;
				LOCALIZATION_PREFERS_STRING_CATALOGS = YES;
				MTL_ENABLE_DEBUG_INFO = INCLUDE_SOURCE;
				MTL_FAST_MATH = YES;
				ONLY_ACTIVE_ARCH = YES;
				SDKROOT = iphoneos;
				SWIFT_ACTIVE_COMPILATION_CONDITIONS = "DEBUG $(inherited)";
				SWIFT_OPTIMIZATION_LEVEL = "-Onone";
			};
			name = Debug;
		};
		3759F6312D45AE8000E0CAC1 /* Release */ = {
			isa = XCBuildConfiguration;
			buildSettings = {
				ALWAYS_SEARCH_USER_PATHS = NO;
				ASSETCATALOG_COMPILER_GENERATE_SWIFT_ASSET_SYMBOL_EXTENSIONS = YES;
				CLANG_ANALYZER_NONNULL = YES;
				CLANG_ANALYZER_NUMBER_OBJECT_CONVERSION = YES_AGGRESSIVE;
				CLANG_CXX_LANGUAGE_STANDARD = "gnu++20";
				CLANG_ENABLE_MODULES = YES;
				CLANG_ENABLE_OBJC_ARC = YES;
				CLANG_ENABLE_OBJC_WEAK = YES;
				CLANG_WARN_BLOCK_CAPTURE_AUTORELEASING = YES;
				CLANG_WARN_BOOL_CONVERSION = YES;
				CLANG_WARN_COMMA = YES;
				CLANG_WARN_CONSTANT_CONVERSION = YES;
				CLANG_WARN_DEPRECATED_OBJC_IMPLEMENTATIONS = YES;
				CLANG_WARN_DIRECT_OBJC_ISA_USAGE = YES_ERROR;
				CLANG_WARN_DOCUMENTATION_COMMENTS = YES;
				CLANG_WARN_EMPTY_BODY = YES;
				CLANG_WARN_ENUM_CONVERSION = YES;
				CLANG_WARN_INFINITE_RECURSION = YES;
				CLANG_WARN_INT_CONVERSION = YES;
				CLANG_WARN_NON_LITERAL_NULL_CONVERSION = YES;
				CLANG_WARN_OBJC_IMPLICIT_RETAIN_SELF = YES;
				CLANG_WARN_OBJC_LITERAL_CONVERSION = YES;
				CLANG_WARN_OBJC_ROOT_CLASS = YES_ERROR;
				CLANG_WARN_QUOTED_INCLUDE_IN_FRAMEWORK_HEADER = YES;
				CLANG_WARN_RANGE_LOOP_ANALYSIS = YES;
				CLANG_WARN_STRICT_PROTOTYPES = YES;
				CLANG_WARN_SUSPICIOUS_MOVE = YES;
				CLANG_WARN_UNGUARDED_AVAILABILITY = YES_AGGRESSIVE;
				CLANG_WARN_UNREACHABLE_CODE = YES;
				CLANG_WARN__DUPLICATE_METHOD_MATCH = YES;
				COPY_PHASE_STRIP = NO;
				DEBUG_INFORMATION_FORMAT = "dwarf-with-dsym";
				ENABLE_NS_ASSERTIONS = NO;
				ENABLE_STRICT_OBJC_MSGSEND = YES;
				ENABLE_USER_SCRIPT_SANDBOXING = YES;
				GCC_C_LANGUAGE_STANDARD = gnu17;
				GCC_NO_COMMON_BLOCKS = YES;
				GCC_WARN_64_TO_32_BIT_CONVERSION = YES;
				GCC_WARN_ABOUT_RETURN_TYPE = YES_ERROR;
				GCC_WARN_UNDECLARED_SELECTOR = YES;
				GCC_WARN_UNINITIALIZED_AUTOS = YES_AGGRESSIVE;
				GCC_WARN_UNUSED_FUNCTION = YES;
				GCC_WARN_UNUSED_VARIABLE = YES;
				IPHONEOS_DEPLOYMENT_TARGET = 18.2;
				LOCALIZATION_PREFERS_STRING_CATALOGS = YES;
				MTL_ENABLE_DEBUG_INFO = NO;
				MTL_FAST_MATH = YES;
				SDKROOT = iphoneos;
				SWIFT_COMPILATION_MODE = wholemodule;
				VALIDATE_PRODUCT = YES;
			};
			name = Release;
		};
		3759F6332D45AE8000E0CAC1 /* Debug */ = {
			isa = XCBuildConfiguration;
			buildSettings = {
				ASSETCATALOG_COMPILER_APPICON_NAME = AppIcon;
				ASSETCATALOG_COMPILER_GLOBAL_ACCENT_COLOR_NAME = AccentColor;
				CODE_SIGN_STYLE = Automatic;
				CURRENT_PROJECT_VERSION = 1;
				DEVELOPMENT_ASSET_PATHS = "\"LoginPageDemo/Preview Content\"";
				DEVELOPMENT_TEAM = LT3YH2JY96;
				ENABLE_PREVIEWS = YES;
				GENERATE_INFOPLIST_FILE = YES;
				INFOPLIST_KEY_UIApplicationSceneManifest_Generation = YES;
				INFOPLIST_KEY_UIApplicationSupportsIndirectInputEvents = YES;
				INFOPLIST_KEY_UILaunchScreen_Generation = YES;
				INFOPLIST_KEY_UISupportedInterfaceOrientations_iPad = "UIInterfaceOrientationPortrait UIInterfaceOrientationPortraitUpsideDown UIInterfaceOrientationLandscapeLeft UIInterfaceOrientationLandscapeRight";
				INFOPLIST_KEY_UISupportedInterfaceOrientations_iPhone = "UIInterfaceOrientationPortrait UIInterfaceOrientationLandscapeLeft UIInterfaceOrientationLandscapeRight";
				LD_RUNPATH_SEARCH_PATHS = (
					"$(inherited)",
					"@executable_path/Frameworks",
				);
				MARKETING_VERSION = 1.0;
				PRODUCT_BUNDLE_IDENTIFIER = ofu.LoginPageDemo;
				PRODUCT_NAME = "$(TARGET_NAME)";
				SWIFT_EMIT_LOC_STRINGS = YES;
				SWIFT_VERSION = 5.0;
				TARGETED_DEVICE_FAMILY = "1,2";
			};
			name = Debug;
		};
		3759F6342D45AE8000E0CAC1 /* Release */ = {
			isa = XCBuildConfiguration;
			buildSettings = {
				ASSETCATALOG_COMPILER_APPICON_NAME = AppIcon;
				ASSETCATALOG_COMPILER_GLOBAL_ACCENT_COLOR_NAME = AccentColor;
				CODE_SIGN_STYLE = Automatic;
				CURRENT_PROJECT_VERSION = 1;
				DEVELOPMENT_ASSET_PATHS = "\"LoginPageDemo/Preview Content\"";
				DEVELOPMENT_TEAM = LT3YH2JY96;
				ENABLE_PREVIEWS = YES;
				GENERATE_INFOPLIST_FILE = YES;
				INFOPLIST_KEY_UIApplicationSceneManifest_Generation = YES;
				INFOPLIST_KEY_UIApplicationSupportsIndirectInputEvents = YES;
				INFOPLIST_KEY_UILaunchScreen_Generation = YES;
				INFOPLIST_KEY_UISupportedInterfaceOrientations_iPad = "UIInterfaceOrientationPortrait UIInterfaceOrientationPortraitUpsideDown UIInterfaceOrientationLandscapeLeft UIInterfaceOrientationLandscapeRight";
				INFOPLIST_KEY_UISupportedInterfaceOrientations_iPhone = "UIInterfaceOrientationPortrait UIInterfaceOrientationLandscapeLeft UIInterfaceOrientationLandscapeRight";
				LD_RUNPATH_SEARCH_PATHS = (
					"$(inherited)",
					"@executable_path/Frameworks",
				);
				MARKETING_VERSION = 1.0;
				PRODUCT_BUNDLE_IDENTIFIER = ofu.LoginPageDemo;
				PRODUCT_NAME = "$(TARGET_NAME)";
				SWIFT_EMIT_LOC_STRINGS = YES;
				SWIFT_VERSION = 5.0;
				TARGETED_DEVICE_FAMILY = "1,2";
			};
			name = Release;
		};
		3759F6362D45AE8000E0CAC1 /* Debug */ = {
			isa = XCBuildConfiguration;
			buildSettings = {
				BUNDLE_LOADER = "$(TEST_HOST)";
				CODE_SIGN_STYLE = Automatic;
				CURRENT_PROJECT_VERSION = 1;
				DEVELOPMENT_TEAM = LT3YH2JY96;
				GENERATE_INFOPLIST_FILE = YES;
				IPHONEOS_DEPLOYMENT_TARGET = 18.2;
				MARKETING_VERSION = 1.0;
				PRODUCT_BUNDLE_IDENTIFIER = ofu.LoginPageDemoTests;
				PRODUCT_NAME = "$(TARGET_NAME)";
				SWIFT_EMIT_LOC_STRINGS = NO;
				SWIFT_VERSION = 5.0;
				TARGETED_DEVICE_FAMILY = "1,2";
				TEST_HOST = "$(BUILT_PRODUCTS_DIR)/LoginPageDemo.app/$(BUNDLE_EXECUTABLE_FOLDER_PATH)/LoginPageDemo";
			};
			name = Debug;
		};
		3759F6372D45AE8000E0CAC1 /* Release */ = {
			isa = XCBuildConfiguration;
			buildSettings = {
				BUNDLE_LOADER = "$(TEST_HOST)";
				CODE_SIGN_STYLE = Automatic;
				CURRENT_PROJECT_VERSION = 1;
				DEVELOPMENT_TEAM = LT3YH2JY96;
				GENERATE_INFOPLIST_FILE = YES;
				IPHONEOS_DEPLOYMENT_TARGET = 18.2;
				MARKETING_VERSION = 1.0;
				PRODUCT_BUNDLE_IDENTIFIER = ofu.LoginPageDemoTests;
				PRODUCT_NAME = "$(TARGET_NAME)";
				SWIFT_EMIT_LOC_STRINGS = NO;
				SWIFT_VERSION = 5.0;
				TARGETED_DEVICE_FAMILY = "1,2";
				TEST_HOST = "$(BUILT_PRODUCTS_DIR)/LoginPageDemo.app/$(BUNDLE_EXECUTABLE_FOLDER_PATH)/LoginPageDemo";
			};
			name = Release;
		};
		3759F6392D45AE8000E0CAC1 /* Debug */ = {
			isa = XCBuildConfiguration;
			buildSettings = {
				CODE_SIGN_STYLE = Automatic;
				CURRENT_PROJECT_VERSION = 1;
				DEVELOPMENT_TEAM = LT3YH2JY96;
				GENERATE_INFOPLIST_FILE = YES;
				MARKETING_VERSION = 1.0;
				PRODUCT_BUNDLE_IDENTIFIER = ofu.LoginPageDemoUITests;
				PRODUCT_NAME = "$(TARGET_NAME)";
				SWIFT_EMIT_LOC_STRINGS = NO;
				SWIFT_VERSION = 5.0;
				TARGETED_DEVICE_FAMILY = "1,2";
				TEST_TARGET_NAME = LoginPageDemo;
			};
			name = Debug;
		};
		3759F63A2D45AE8000E0CAC1 /* Release */ = {
			isa = XCBuildConfiguration;
			buildSettings = {
				CODE_SIGN_STYLE = Automatic;
				CURRENT_PROJECT_VERSION = 1;
				DEVELOPMENT_TEAM = LT3YH2JY96;
				GENERATE_INFOPLIST_FILE = YES;
				MARKETING_VERSION = 1.0;
				PRODUCT_BUNDLE_IDENTIFIER = ofu.LoginPageDemoUITests;
				PRODUCT_NAME = "$(TARGET_NAME)";
				SWIFT_EMIT_LOC_STRINGS = NO;
				SWIFT_VERSION = 5.0;
				TARGETED_DEVICE_FAMILY = "1,2";
				TEST_TARGET_NAME = LoginPageDemo;
			};
			name = Release;
		};
/* End XCBuildConfiguration section */

/* Begin XCConfigurationList section */
		3759F6092D45AE7E00E0CAC1 /* Build configuration list for PBXProject "LoginPageDemo" */ = {
			isa = XCConfigurationList;
			buildConfigurations = (
				3759F6302D45AE8000E0CAC1 /* Debug */,
				3759F6312D45AE8000E0CAC1 /* Release */,
			);
			defaultConfigurationIsVisible = 0;
			defaultConfigurationName = Release;
		};
		3759F6322D45AE8000E0CAC1 /* Build configuration list for PBXNativeTarget "LoginPageDemo" */ = {
			isa = XCConfigurationList;
			buildConfigurations = (
				3759F6332D45AE8000E0CAC1 /* Debug */,
				3759F6342D45AE8000E0CAC1 /* Release */,
			);
			defaultConfigurationIsVisible = 0;
			defaultConfigurationName = Release;
		};
		3759F6352D45AE8000E0CAC1 /* Build configuration list for PBXNativeTarget "LoginPageDemoTests" */ = {
			isa = XCConfigurationList;
			buildConfigurations = (
				3759F6362D45AE8000E0CAC1 /* Debug */,
				3759F6372D45AE8000E0CAC1 /* Release */,
			);
			defaultConfigurationIsVisible = 0;
			defaultConfigurationName = Release;
		};
		3759F6382D45AE8000E0CAC1 /* Build configuration list for PBXNativeTarget "LoginPageDemoUITests" */ = {
			isa = XCConfigurationList;
			buildConfigurations = (
				3759F6392D45AE8000E0CAC1 /* Debug */,
				3759F63A2D45AE8000E0CAC1 /* Release */,
			);
			defaultConfigurationIsVisible = 0;
			defaultConfigurationName = Release;
		};
/* End XCConfigurationList section */
	};
	rootObject = 3759F6062D45AE7E00E0CAC1 /* Project object */;
}
